// !$*UTF8*$!
{
	archiveVersion = 1;
	classes = {
	};
	objectVersion = 46;
	objects = {

/* Begin PBXBuildFile section */
		0E50EC671E69602500CDE055 /* CHGMenuViewDemoViewController.m in Sources */ = {isa = PBXBuildFile; fileRef = 0E50EC651E69602500CDE055 /* CHGMenuViewDemoViewController.m */; };
		0E50EC681E69602500CDE055 /* CHGMenuViewDemoViewController.xib in Resources */ = {isa = PBXBuildFile; fileRef = 0E50EC661E69602500CDE055 /* CHGMenuViewDemoViewController.xib */; };
		0EABAFB01E690559004917EB /* main.m in Sources */ = {isa = PBXBuildFile; fileRef = 0EABAFAF1E690559004917EB /* main.m */; };
		0EABAFB31E690559004917EB /* AppDelegate.m in Sources */ = {isa = PBXBuildFile; fileRef = 0EABAFB21E690559004917EB /* AppDelegate.m */; };
		0EABAFBC1E690559004917EB /* CHGGridViewSample.xcdatamodeld in Sources */ = {isa = PBXBuildFile; fileRef = 0EABAFBA1E690559004917EB /* CHGGridViewSample.xcdatamodeld */; };
		0EABAFBE1E690559004917EB /* Assets.xcassets in Resources */ = {isa = PBXBuildFile; fileRef = 0EABAFBD1E690559004917EB /* Assets.xcassets */; };
		0EABAFC11E690559004917EB /* LaunchScreen.storyboard in Resources */ = {isa = PBXBuildFile; fileRef = 0EABAFBF1E690559004917EB /* LaunchScreen.storyboard */; };
		0EABAFD61E691E31004917EB /* CHGGridViewBaseDemoViewController.m in Sources */ = {isa = PBXBuildFile; fileRef = 0EABAFD41E691E31004917EB /* CHGGridViewBaseDemoViewController.m */; };
		0EABAFD71E691E31004917EB /* CHGGridViewBaseDemoViewController.xib in Resources */ = {isa = PBXBuildFile; fileRef = 0EABAFD51E691E31004917EB /* CHGGridViewBaseDemoViewController.xib */; };
		0EABAFDB1E691FE0004917EB /* Test1GridViewCell.m in Sources */ = {isa = PBXBuildFile; fileRef = 0EABAFDA1E691FE0004917EB /* Test1GridViewCell.m */; };
		0EABAFDD1E691FE9004917EB /* Test1GridViewCell.xib in Resources */ = {isa = PBXBuildFile; fileRef = 0EABAFDC1E691FE9004917EB /* Test1GridViewCell.xib */; };
		5F1C39F61E69BDBC00F51EEA /* CHGTabPageViewViewController.m in Sources */ = {isa = PBXBuildFile; fileRef = 5F1C39F41E69BDBC00F51EEA /* CHGTabPageViewViewController.m */; };
		5F1C39F71E69BDBC00F51EEA /* CHGTabPageViewViewController.xib in Resources */ = {isa = PBXBuildFile; fileRef = 5F1C39F51E69BDBC00F51EEA /* CHGTabPageViewViewController.xib */; };
		5F1C39FB1E69C15100F51EEA /* TabItem1.m in Sources */ = {isa = PBXBuildFile; fileRef = 5F1C39FA1E69C15100F51EEA /* TabItem1.m */; };
		5F1C39FD1E69C15E00F51EEA /* TabItem1.xib in Resources */ = {isa = PBXBuildFile; fileRef = 5F1C39FC1E69C15E00F51EEA /* TabItem1.xib */; };
		5F1C3A021E69D3F800F51EEA /* SampleViewController.m in Sources */ = {isa = PBXBuildFile; fileRef = 5F1C3A001E69D3F800F51EEA /* SampleViewController.m */; };
		5F1C3A031E69D3F800F51EEA /* SampleViewController.xib in Resources */ = {isa = PBXBuildFile; fileRef = 5F1C3A011E69D3F800F51EEA /* SampleViewController.xib */; };
		5F1C3A0E1E69DBFA00F51EEA /* CHGSlider.m in Sources */ = {isa = PBXBuildFile; fileRef = 5F1C3A051E69DBFA00F51EEA /* CHGSlider.m */; };
		5F1C3A0F1E69DBFA00F51EEA /* CHGTab.m in Sources */ = {isa = PBXBuildFile; fileRef = 5F1C3A071E69DBFA00F51EEA /* CHGTab.m */; };
		5F1C3A101E69DBFA00F51EEA /* CHGTabItem.m in Sources */ = {isa = PBXBuildFile; fileRef = 5F1C3A091E69DBFA00F51EEA /* CHGTabItem.m */; };
		5F1C3A111E69DBFA00F51EEA /* CHGTabPageView.m in Sources */ = {isa = PBXBuildFile; fileRef = 5F1C3A0B1E69DBFA00F51EEA /* CHGTabPageView.m */; };
		5F1C3A121E69DBFA00F51EEA /* UIView+CHGBase.m in Sources */ = {isa = PBXBuildFile; fileRef = 5F1C3A0D1E69DBFA00F51EEA /* UIView+CHGBase.m */; };
		5F1C3A151E69DC1500F51EEA /* CHGMenuView.m in Sources */ = {isa = PBXBuildFile; fileRef = 5F1C3A141E69DC1500F51EEA /* CHGMenuView.m */; };
		5F1C3A2A1E69DCE100F51EEA /* CHGGridView.m in Sources */ = {isa = PBXBuildFile; fileRef = 5F1C3A271E69DCE100F51EEA /* CHGGridView.m */; };
		5F1C3A2B1E69DCE100F51EEA /* CHGGridViewCell.m in Sources */ = {isa = PBXBuildFile; fileRef = 5F1C3A291E69DCE100F51EEA /* CHGGridViewCell.m */; };
		5F6316D81E6AAE6400CC0BD1 /* MenuViewController.m in Sources */ = {isa = PBXBuildFile; fileRef = 5F6316D61E6AAE6400CC0BD1 /* MenuViewController.m */; };
		5F6316D91E6AAE6400CC0BD1 /* MenuViewController.xib in Resources */ = {isa = PBXBuildFile; fileRef = 5F6316D71E6AAE6400CC0BD1 /* MenuViewController.xib */; };
/* End PBXBuildFile section */

/* Begin PBXFileReference section */
		0E50EC641E69602500CDE055 /* CHGMenuViewDemoViewController.h */ = {isa = PBXFileReference; fileEncoding = 4; lastKnownFileType = sourcecode.c.h; path = CHGMenuViewDemoViewController.h; sourceTree = "<group>"; };
		0E50EC651E69602500CDE055 /* CHGMenuViewDemoViewController.m */ = {isa = PBXFileReference; fileEncoding = 4; lastKnownFileType = sourcecode.c.objc; path = CHGMenuViewDemoViewController.m; sourceTree = "<group>"; };
		0E50EC661E69602500CDE055 /* CHGMenuViewDemoViewController.xib */ = {isa = PBXFileReference; fileEncoding = 4; lastKnownFileType = file.xib; path = CHGMenuViewDemoViewController.xib; sourceTree = "<group>"; };
		0EABAFAB1E690559004917EB /* CHGGridViewSample.app */ = {isa = PBXFileReference; explicitFileType = wrapper.application; includeInIndex = 0; path = CHGGridViewSample.app; sourceTree = BUILT_PRODUCTS_DIR; };
		0EABAFAF1E690559004917EB /* main.m */ = {isa = PBXFileReference; lastKnownFileType = sourcecode.c.objc; path = main.m; sourceTree = "<group>"; };
		0EABAFB11E690559004917EB /* AppDelegate.h */ = {isa = PBXFileReference; lastKnownFileType = sourcecode.c.h; path = AppDelegate.h; sourceTree = "<group>"; };
		0EABAFB21E690559004917EB /* AppDelegate.m */ = {isa = PBXFileReference; lastKnownFileType = sourcecode.c.objc; path = AppDelegate.m; sourceTree = "<group>"; };
		0EABAFBB1E690559004917EB /* CHGGridViewSample.xcdatamodel */ = {isa = PBXFileReference; lastKnownFileType = wrapper.xcdatamodel; path = CHGGridViewSample.xcdatamodel; sourceTree = "<group>"; };
		0EABAFBD1E690559004917EB /* Assets.xcassets */ = {isa = PBXFileReference; lastKnownFileType = folder.assetcatalog; path = Assets.xcassets; sourceTree = "<group>"; };
		0EABAFC01E690559004917EB /* Base */ = {isa = PBXFileReference; lastKnownFileType = file.storyboard; name = Base; path = Base.lproj/LaunchScreen.storyboard; sourceTree = "<group>"; };
		0EABAFC21E690559004917EB /* Info.plist */ = {isa = PBXFileReference; lastKnownFileType = text.plist.xml; path = Info.plist; sourceTree = "<group>"; };
		0EABAFD31E691E31004917EB /* CHGGridViewBaseDemoViewController.h */ = {isa = PBXFileReference; fileEncoding = 4; lastKnownFileType = sourcecode.c.h; path = CHGGridViewBaseDemoViewController.h; sourceTree = "<group>"; };
		0EABAFD41E691E31004917EB /* CHGGridViewBaseDemoViewController.m */ = {isa = PBXFileReference; fileEncoding = 4; lastKnownFileType = sourcecode.c.objc; path = CHGGridViewBaseDemoViewController.m; sourceTree = "<group>"; };
		0EABAFD51E691E31004917EB /* CHGGridViewBaseDemoViewController.xib */ = {isa = PBXFileReference; fileEncoding = 4; lastKnownFileType = file.xib; path = CHGGridViewBaseDemoViewController.xib; sourceTree = "<group>"; };
		0EABAFD91E691FE0004917EB /* Test1GridViewCell.h */ = {isa = PBXFileReference; fileEncoding = 4; lastKnownFileType = sourcecode.c.h; path = Test1GridViewCell.h; sourceTree = "<group>"; };
		0EABAFDA1E691FE0004917EB /* Test1GridViewCell.m */ = {isa = PBXFileReference; fileEncoding = 4; lastKnownFileType = sourcecode.c.objc; path = Test1GridViewCell.m; sourceTree = "<group>"; };
		0EABAFDC1E691FE9004917EB /* Test1GridViewCell.xib */ = {isa = PBXFileReference; fileEncoding = 4; lastKnownFileType = file.xib; path = Test1GridViewCell.xib; sourceTree = "<group>"; };
		5F1C39F31E69BDBC00F51EEA /* CHGTabPageViewViewController.h */ = {isa = PBXFileReference; fileEncoding = 4; lastKnownFileType = sourcecode.c.h; path = CHGTabPageViewViewController.h; sourceTree = "<group>"; };
		5F1C39F41E69BDBC00F51EEA /* CHGTabPageViewViewController.m */ = {isa = PBXFileReference; fileEncoding = 4; lastKnownFileType = sourcecode.c.objc; path = CHGTabPageViewViewController.m; sourceTree = "<group>"; };
		5F1C39F51E69BDBC00F51EEA /* CHGTabPageViewViewController.xib */ = {isa = PBXFileReference; fileEncoding = 4; lastKnownFileType = file.xib; path = CHGTabPageViewViewController.xib; sourceTree = "<group>"; };
		5F1C39F91E69C15100F51EEA /* TabItem1.h */ = {isa = PBXFileReference; fileEncoding = 4; lastKnownFileType = sourcecode.c.h; path = TabItem1.h; sourceTree = "<group>"; };
		5F1C39FA1E69C15100F51EEA /* TabItem1.m */ = {isa = PBXFileReference; fileEncoding = 4; lastKnownFileType = sourcecode.c.objc; path = TabItem1.m; sourceTree = "<group>"; };
		5F1C39FC1E69C15E00F51EEA /* TabItem1.xib */ = {isa = PBXFileReference; fileEncoding = 4; lastKnownFileType = file.xib; path = TabItem1.xib; sourceTree = "<group>"; };
		5F1C39FF1E69D3F800F51EEA /* SampleViewController.h */ = {isa = PBXFileReference; fileEncoding = 4; lastKnownFileType = sourcecode.c.h; path = SampleViewController.h; sourceTree = "<group>"; };
		5F1C3A001E69D3F800F51EEA /* SampleViewController.m */ = {isa = PBXFileReference; fileEncoding = 4; lastKnownFileType = sourcecode.c.objc; path = SampleViewController.m; sourceTree = "<group>"; };
		5F1C3A011E69D3F800F51EEA /* SampleViewController.xib */ = {isa = PBXFileReference; fileEncoding = 4; lastKnownFileType = file.xib; path = SampleViewController.xib; sourceTree = "<group>"; };
		5F1C3A041E69DBFA00F51EEA /* CHGSlider.h */ = {isa = PBXFileReference; fileEncoding = 4; lastKnownFileType = sourcecode.c.h; name = CHGSlider.h; path = CHGGridView/CHGTabPageView/CHGSlider.h; sourceTree = "<group>"; };
		5F1C3A051E69DBFA00F51EEA /* CHGSlider.m */ = {isa = PBXFileReference; fileEncoding = 4; lastKnownFileType = sourcecode.c.objc; name = CHGSlider.m; path = CHGGridView/CHGTabPageView/CHGSlider.m; sourceTree = "<group>"; };
		5F1C3A061E69DBFA00F51EEA /* CHGTab.h */ = {isa = PBXFileReference; fileEncoding = 4; lastKnownFileType = sourcecode.c.h; name = CHGTab.h; path = CHGGridView/CHGTabPageView/CHGTab.h; sourceTree = "<group>"; };
		5F1C3A071E69DBFA00F51EEA /* CHGTab.m */ = {isa = PBXFileReference; fileEncoding = 4; lastKnownFileType = sourcecode.c.objc; name = CHGTab.m; path = CHGGridView/CHGTabPageView/CHGTab.m; sourceTree = "<group>"; };
		5F1C3A081E69DBFA00F51EEA /* CHGTabItem.h */ = {isa = PBXFileReference; fileEncoding = 4; lastKnownFileType = sourcecode.c.h; name = CHGTabItem.h; path = CHGGridView/CHGTabPageView/CHGTabItem.h; sourceTree = "<group>"; };
		5F1C3A091E69DBFA00F51EEA /* CHGTabItem.m */ = {isa = PBXFileReference; fileEncoding = 4; lastKnownFileType = sourcecode.c.objc; name = CHGTabItem.m; path = CHGGridView/CHGTabPageView/CHGTabItem.m; sourceTree = "<group>"; };
		5F1C3A0A1E69DBFA00F51EEA /* CHGTabPageView.h */ = {isa = PBXFileReference; fileEncoding = 4; lastKnownFileType = sourcecode.c.h; name = CHGTabPageView.h; path = CHGGridView/CHGTabPageView/CHGTabPageView.h; sourceTree = "<group>"; };
		5F1C3A0B1E69DBFA00F51EEA /* CHGTabPageView.m */ = {isa = PBXFileReference; fileEncoding = 4; lastKnownFileType = sourcecode.c.objc; name = CHGTabPageView.m; path = CHGGridView/CHGTabPageView/CHGTabPageView.m; sourceTree = "<group>"; };
		5F1C3A0C1E69DBFA00F51EEA /* UIView+CHGBase.h */ = {isa = PBXFileReference; fileEncoding = 4; lastKnownFileType = sourcecode.c.h; name = "UIView+CHGBase.h"; path = "CHGGridView/CHGTabPageView/UIView+CHGBase.h"; sourceTree = "<group>"; };
		5F1C3A0D1E69DBFA00F51EEA /* UIView+CHGBase.m */ = {isa = PBXFileReference; fileEncoding = 4; lastKnownFileType = sourcecode.c.objc; name = "UIView+CHGBase.m"; path = "CHGGridView/CHGTabPageView/UIView+CHGBase.m"; sourceTree = "<group>"; };
		5F1C3A131E69DC1500F51EEA /* CHGMenuView.h */ = {isa = PBXFileReference; fileEncoding = 4; lastKnownFileType = sourcecode.c.h; name = CHGMenuView.h; path = CHGGridView/CHGMenuView/CHGMenuView.h; sourceTree = "<group>"; };
		5F1C3A141E69DC1500F51EEA /* CHGMenuView.m */ = {isa = PBXFileReference; fileEncoding = 4; lastKnownFileType = sourcecode.c.objc; name = CHGMenuView.m; path = CHGGridView/CHGMenuView/CHGMenuView.m; sourceTree = "<group>"; };
		5F1C3A261E69DCE100F51EEA /* CHGGridView.h */ = {isa = PBXFileReference; fileEncoding = 4; lastKnownFileType = sourcecode.c.h; name = CHGGridView.h; path = CHGGridView/CHGGridViewBase/CHGGridView.h; sourceTree = "<group>"; };
		5F1C3A271E69DCE100F51EEA /* CHGGridView.m */ = {isa = PBXFileReference; fileEncoding = 4; lastKnownFileType = sourcecode.c.objc; name = CHGGridView.m; path = CHGGridView/CHGGridViewBase/CHGGridView.m; sourceTree = "<group>"; };
		5F1C3A281E69DCE100F51EEA /* CHGGridViewCell.h */ = {isa = PBXFileReference; fileEncoding = 4; lastKnownFileType = sourcecode.c.h; name = CHGGridViewCell.h; path = CHGGridView/CHGGridViewBase/CHGGridViewCell.h; sourceTree = "<group>"; };
		5F1C3A291E69DCE100F51EEA /* CHGGridViewCell.m */ = {isa = PBXFileReference; fileEncoding = 4; lastKnownFileType = sourcecode.c.objc; name = CHGGridViewCell.m; path = CHGGridView/CHGGridViewBase/CHGGridViewCell.m; sourceTree = "<group>"; };
		5F6316D51E6AAE6400CC0BD1 /* MenuViewController.h */ = {isa = PBXFileReference; fileEncoding = 4; lastKnownFileType = sourcecode.c.h; path = MenuViewController.h; sourceTree = "<group>"; };
		5F6316D61E6AAE6400CC0BD1 /* MenuViewController.m */ = {isa = PBXFileReference; fileEncoding = 4; lastKnownFileType = sourcecode.c.objc; path = MenuViewController.m; sourceTree = "<group>"; };
		5F6316D71E6AAE6400CC0BD1 /* MenuViewController.xib */ = {isa = PBXFileReference; fileEncoding = 4; lastKnownFileType = file.xib; path = MenuViewController.xib; sourceTree = "<group>"; };
/* End PBXFileReference section */

/* Begin PBXFrameworksBuildPhase section */
		0EABAFA81E690559004917EB /* Frameworks */ = {
			isa = PBXFrameworksBuildPhase;
			buildActionMask = 2147483647;
			files = (
			);
			runOnlyForDeploymentPostprocessing = 0;
		};
/* End PBXFrameworksBuildPhase section */

/* Begin PBXGroup section */
		0E50EC631E69600100CDE055 /* CHGMenuViewDemo */ = {
			isa = PBXGroup;
			children = (
				0E50EC641E69602500CDE055 /* CHGMenuViewDemoViewController.h */,
				0E50EC651E69602500CDE055 /* CHGMenuViewDemoViewController.m */,
				0E50EC661E69602500CDE055 /* CHGMenuViewDemoViewController.xib */,
			);
			name = CHGMenuViewDemo;
			sourceTree = "<group>";
		};
		0EABAFA21E690558004917EB = {
			isa = PBXGroup;
			children = (
				0EABAFC81E69059A004917EB /* CHGGridView */,
				0EABAFAD1E690559004917EB /* CHGGridViewSample */,
				0EABAFAC1E690559004917EB /* Products */,
			);
			sourceTree = "<group>";
		};
		0EABAFAC1E690559004917EB /* Products */ = {
			isa = PBXGroup;
			children = (
				0EABAFAB1E690559004917EB /* CHGGridViewSample.app */,
			);
			name = Products;
			sourceTree = "<group>";
		};
		0EABAFAD1E690559004917EB /* CHGGridViewSample */ = {
			isa = PBXGroup;
			children = (
				5F6316D41E6AAE4F00CC0BD1 /* TableView */,
				5F1C39FF1E69D3F800F51EEA /* SampleViewController.h */,
				5F1C3A001E69D3F800F51EEA /* SampleViewController.m */,
				5F1C3A011E69D3F800F51EEA /* SampleViewController.xib */,
				5F1C39F21E69BD6900F51EEA /* CHGTabPageDemo */,
				0E50EC631E69600100CDE055 /* CHGMenuViewDemo */,
				0EABAFD21E691E0E004917EB /* CHGGridViewBaseDemo */,
				0EABAFB11E690559004917EB /* AppDelegate.h */,
				0EABAFB21E690559004917EB /* AppDelegate.m */,
				0EABAFBD1E690559004917EB /* Assets.xcassets */,
				0EABAFBF1E690559004917EB /* LaunchScreen.storyboard */,
				0EABAFC21E690559004917EB /* Info.plist */,
				0EABAFBA1E690559004917EB /* CHGGridViewSample.xcdatamodeld */,
				0EABAFAE1E690559004917EB /* Supporting Files */,
			);
			path = CHGGridViewSample;
			sourceTree = "<group>";
		};
		0EABAFAE1E690559004917EB /* Supporting Files */ = {
			isa = PBXGroup;
			children = (
				0EABAFAF1E690559004917EB /* main.m */,
			);
			name = "Supporting Files";
			sourceTree = "<group>";
		};
		0EABAFC81E69059A004917EB /* CHGGridView */ = {
			isa = PBXGroup;
			children = (
				0EABAFCB1E6905DA004917EB /* CHGTabPageView */,
				0EABAFCA1E6905B4004917EB /* CHGMenuView */,
				0EABAFC91E6905A5004917EB /* CHGGridViewBase */,
			);
			name = CHGGridView;
			sourceTree = "<group>";
		};
		0EABAFC91E6905A5004917EB /* CHGGridViewBase */ = {
			isa = PBXGroup;
			children = (
				5F1C3A261E69DCE100F51EEA /* CHGGridView.h */,
				5F1C3A271E69DCE100F51EEA /* CHGGridView.m */,
				5F1C3A281E69DCE100F51EEA /* CHGGridViewCell.h */,
				5F1C3A291E69DCE100F51EEA /* CHGGridViewCell.m */,
			);
			name = CHGGridViewBase;
			sourceTree = "<group>";
		};
		0EABAFCA1E6905B4004917EB /* CHGMenuView */ = {
			isa = PBXGroup;
			children = (
				5F1C3A131E69DC1500F51EEA /* CHGMenuView.h */,
				5F1C3A141E69DC1500F51EEA /* CHGMenuView.m */,
			);
			name = CHGMenuView;
			sourceTree = "<group>";
		};
		0EABAFCB1E6905DA004917EB /* CHGTabPageView */ = {
			isa = PBXGroup;
			children = (
				5F1C3A041E69DBFA00F51EEA /* CHGSlider.h */,
				5F1C3A051E69DBFA00F51EEA /* CHGSlider.m */,
				5F1C3A061E69DBFA00F51EEA /* CHGTab.h */,
				5F1C3A071E69DBFA00F51EEA /* CHGTab.m */,
				5F1C3A081E69DBFA00F51EEA /* CHGTabItem.h */,
				5F1C3A091E69DBFA00F51EEA /* CHGTabItem.m */,
				5F1C3A0A1E69DBFA00F51EEA /* CHGTabPageView.h */,
				5F1C3A0B1E69DBFA00F51EEA /* CHGTabPageView.m */,
				5F1C3A0C1E69DBFA00F51EEA /* UIView+CHGBase.h */,
				5F1C3A0D1E69DBFA00F51EEA /* UIView+CHGBase.m */,
			);
			name = CHGTabPageView;
			sourceTree = "<group>";
		};
		0EABAFD21E691E0E004917EB /* CHGGridViewBaseDemo */ = {
			isa = PBXGroup;
			children = (
				0EABAFD81E691FB3004917EB /* GridViewCell */,
				0EABAFD31E691E31004917EB /* CHGGridViewBaseDemoViewController.h */,
				0EABAFD41E691E31004917EB /* CHGGridViewBaseDemoViewController.m */,
				0EABAFD51E691E31004917EB /* CHGGridViewBaseDemoViewController.xib */,
			);
			name = CHGGridViewBaseDemo;
			sourceTree = "<group>";
		};
		0EABAFD81E691FB3004917EB /* GridViewCell */ = {
			isa = PBXGroup;
			children = (
				0EABAFD91E691FE0004917EB /* Test1GridViewCell.h */,
				0EABAFDA1E691FE0004917EB /* Test1GridViewCell.m */,
				0EABAFDC1E691FE9004917EB /* Test1GridViewCell.xib */,
			);
			name = GridViewCell;
			sourceTree = "<group>";
		};
		5F1C39F21E69BD6900F51EEA /* CHGTabPageDemo */ = {
			isa = PBXGroup;
			children = (
				5F1C39F81E69C13F00F51EEA /* TabItem1 */,
				5F1C39F31E69BDBC00F51EEA /* CHGTabPageViewViewController.h */,
				5F1C39F41E69BDBC00F51EEA /* CHGTabPageViewViewController.m */,
				5F1C39F51E69BDBC00F51EEA /* CHGTabPageViewViewController.xib */,
			);
			name = CHGTabPageDemo;
			sourceTree = "<group>";
		};
		5F1C39F81E69C13F00F51EEA /* TabItem1 */ = {
			isa = PBXGroup;
			children = (
				5F1C39F91E69C15100F51EEA /* TabItem1.h */,
				5F1C39FA1E69C15100F51EEA /* TabItem1.m */,
				5F1C39FC1E69C15E00F51EEA /* TabItem1.xib */,
			);
			name = TabItem1;
			sourceTree = "<group>";
		};
		5F6316D41E6AAE4F00CC0BD1 /* TableView */ = {
			isa = PBXGroup;
			children = (
				5F6316D51E6AAE6400CC0BD1 /* MenuViewController.h */,
				5F6316D61E6AAE6400CC0BD1 /* MenuViewController.m */,
				5F6316D71E6AAE6400CC0BD1 /* MenuViewController.xib */,
			);
			name = TableView;
			sourceTree = "<group>";
		};
/* End PBXGroup section */

/* Begin PBXNativeTarget section */
		0EABAFAA1E690559004917EB /* CHGGridViewSample */ = {
			isa = PBXNativeTarget;
			buildConfigurationList = 0EABAFC51E690559004917EB /* Build configuration list for PBXNativeTarget "CHGGridViewSample" */;
			buildPhases = (
				0EABAFA71E690559004917EB /* Sources */,
				0EABAFA81E690559004917EB /* Frameworks */,
				0EABAFA91E690559004917EB /* Resources */,
			);
			buildRules = (
			);
			dependencies = (
			);
			name = CHGGridViewSample;
			productName = CHGGridViewSample;
			productReference = 0EABAFAB1E690559004917EB /* CHGGridViewSample.app */;
			productType = "com.apple.product-type.application";
		};
/* End PBXNativeTarget section */

/* Begin PBXProject section */
		0EABAFA31E690558004917EB /* Project object */ = {
			isa = PBXProject;
			attributes = {
				LastUpgradeCheck = 0820;
				ORGANIZATIONNAME = Hogan;
				TargetAttributes = {
					0EABAFAA1E690559004917EB = {
						CreatedOnToolsVersion = 8.2.1;
						DevelopmentTeam = NNLNXN4V35;
						ProvisioningStyle = Automatic;
					};
				};
			};
			buildConfigurationList = 0EABAFA61E690558004917EB /* Build configuration list for PBXProject "CHGGridViewSample" */;
			compatibilityVersion = "Xcode 3.2";
			developmentRegion = English;
			hasScannedForEncodings = 0;
			knownRegions = (
				en,
				Base,
			);
			mainGroup = 0EABAFA21E690558004917EB;
			productRefGroup = 0EABAFAC1E690559004917EB /* Products */;
			projectDirPath = "";
			projectRoot = "";
			targets = (
				0EABAFAA1E690559004917EB /* CHGGridViewSample */,
			);
		};
/* End PBXProject section */

/* Begin PBXResourcesBuildPhase section */
		0EABAFA91E690559004917EB /* Resources */ = {
			isa = PBXResourcesBuildPhase;
			buildActionMask = 2147483647;
			files = (
				0EABAFDD1E691FE9004917EB /* Test1GridViewCell.xib in Resources */,
				0EABAFC11E690559004917EB /* LaunchScreen.storyboard in Resources */,
				5F1C3A031E69D3F800F51EEA /* SampleViewController.xib in Resources */,
				0EABAFBE1E690559004917EB /* Assets.xcassets in Resources */,
				5F6316D91E6AAE6400CC0BD1 /* MenuViewController.xib in Resources */,
				0E50EC681E69602500CDE055 /* CHGMenuViewDemoViewController.xib in Resources */,
				5F1C39F71E69BDBC00F51EEA /* CHGTabPageViewViewController.xib in Resources */,
				0EABAFD71E691E31004917EB /* CHGGridViewBaseDemoViewController.xib in Resources */,
				5F1C39FD1E69C15E00F51EEA /* TabItem1.xib in Resources */,
			);
			runOnlyForDeploymentPostprocessing = 0;
		};
/* End PBXResourcesBuildPhase section */

/* Begin PBXSourcesBuildPhase section */
		0EABAFA71E690559004917EB /* Sources */ = {
			isa = PBXSourcesBuildPhase;
			buildActionMask = 2147483647;
			files = (
				0EABAFB31E690559004917EB /* AppDelegate.m in Sources */,
				5F6316D81E6AAE6400CC0BD1 /* MenuViewController.m in Sources */,
				0EABAFB01E690559004917EB /* main.m in Sources */,
				5F1C3A0F1E69DBFA00F51EEA /* CHGTab.m in Sources */,
				5F1C3A101E69DBFA00F51EEA /* CHGTabItem.m in Sources */,
				5F1C3A121E69DBFA00F51EEA /* UIView+CHGBase.m in Sources */,
				5F1C3A2B1E69DCE100F51EEA /* CHGGridViewCell.m in Sources */,
				5F1C39F61E69BDBC00F51EEA /* CHGTabPageViewViewController.m in Sources */,
				0E50EC671E69602500CDE055 /* CHGMenuViewDemoViewController.m in Sources */,
				0EABAFBC1E690559004917EB /* CHGGridViewSample.xcdatamodeld in Sources */,
				5F1C3A021E69D3F800F51EEA /* SampleViewController.m in Sources */,
				5F1C3A111E69DBFA00F51EEA /* CHGTabPageView.m in Sources */,
				5F1C39FB1E69C15100F51EEA /* TabItem1.m in Sources */,
				5F1C3A2A1E69DCE100F51EEA /* CHGGridView.m in Sources */,
				0EABAFD61E691E31004917EB /* CHGGridViewBaseDemoViewController.m in Sources */,
				5F1C3A0E1E69DBFA00F51EEA /* CHGSlider.m in Sources */,
				0EABAFDB1E691FE0004917EB /* Test1GridViewCell.m in Sources */,
				5F1C3A151E69DC1500F51EEA /* CHGMenuView.m in Sources */,
			);
			runOnlyForDeploymentPostprocessing = 0;
		};
/* End PBXSourcesBuildPhase section */

/* Begin PBXVariantGroup section */
		0EABAFBF1E690559004917EB /* LaunchScreen.storyboard */ = {
			isa = PBXVariantGroup;
			children = (
				0EABAFC01E690559004917EB /* Base */,
			);
			name = LaunchScreen.storyboard;
			sourceTree = "<group>";
		};
/* End PBXVariantGroup section */

/* Begin XCBuildConfiguration section */
		0EABAFC31E690559004917EB /* Debug */ = {
			isa = XCBuildConfiguration;
			buildSettings = {
				ALWAYS_SEARCH_USER_PATHS = NO;
				CLANG_ANALYZER_NONNULL = YES;
				CLANG_CXX_LANGUAGE_STANDARD = "gnu++0x";
				CLANG_CXX_LIBRARY = "libc++";
				CLANG_ENABLE_MODULES = YES;
				CLANG_ENABLE_OBJC_ARC = YES;
				CLANG_WARN_BOOL_CONVERSION = YES;
				CLANG_WARN_CONSTANT_CONVERSION = YES;
				CLANG_WARN_DIRECT_OBJC_ISA_USAGE = YES_ERROR;
				CLANG_WARN_DOCUMENTATION_COMMENTS = YES;
				CLANG_WARN_EMPTY_BODY = YES;
				CLANG_WARN_ENUM_CONVERSION = YES;
				CLANG_WARN_INFINITE_RECURSION = YES;
				CLANG_WARN_INT_CONVERSION = YES;
				CLANG_WARN_OBJC_ROOT_CLASS = YES_ERROR;
				CLANG_WARN_SUSPICIOUS_MOVE = YES;
				CLANG_WARN_UNREACHABLE_CODE = YES;
				CLANG_WARN__DUPLICATE_METHOD_MATCH = YES;
				"CODE_SIGN_IDENTITY[sdk=iphoneos*]" = "iPhone Developer";
				COPY_PHASE_STRIP = NO;
				DEBUG_INFORMATION_FORMAT = dwarf;
				ENABLE_STRICT_OBJC_MSGSEND = YES;
				ENABLE_TESTABILITY = YES;
				GCC_C_LANGUAGE_STANDARD = gnu99;
				GCC_DYNAMIC_NO_PIC = NO;
				GCC_NO_COMMON_BLOCKS = YES;
				GCC_OPTIMIZATION_LEVEL = 0;
				GCC_PREPROCESSOR_DEFINITIONS = (
					"DEBUG=1",
					"$(inherited)",
				);
				GCC_WARN_64_TO_32_BIT_CONVERSION = YES;
				GCC_WARN_ABOUT_RETURN_TYPE = YES_ERROR;
				GCC_WARN_UNDECLARED_SELECTOR = YES;
				GCC_WARN_UNINITIALIZED_AUTOS = YES_AGGRESSIVE;
				GCC_WARN_UNUSED_FUNCTION = YES;
				GCC_WARN_UNUSED_VARIABLE = YES;
				IPHONEOS_DEPLOYMENT_TARGET = 10.2;
				MTL_ENABLE_DEBUG_INFO = YES;
				ONLY_ACTIVE_ARCH = YES;
				SDKROOT = iphoneos;
			};
			name = Debug;
		};
		0EABAFC41E690559004917EB /* Release */ = {
			isa = XCBuildConfiguration;
			buildSettings = {
				ALWAYS_SEARCH_USER_PATHS = NO;
				CLANG_ANALYZER_NONNULL = YES;
				CLANG_CXX_LANGUAGE_STANDARD = "gnu++0x";
				CLANG_CXX_LIBRARY = "libc++";
				CLANG_ENABLE_MODULES = YES;
				CLANG_ENABLE_OBJC_ARC = YES;
				CLANG_WARN_BOOL_CONVERSION = YES;
				CLANG_WARN_CONSTANT_CONVERSION = YES;
				CLANG_WARN_DIRECT_OBJC_ISA_USAGE = YES_ERROR;
				CLANG_WARN_DOCUMENTATION_COMMENTS = YES;
				CLANG_WARN_EMPTY_BODY = YES;
				CLANG_WARN_ENUM_CONVERSION = YES;
				CLANG_WARN_INFINITE_RECURSION = YES;
				CLANG_WARN_INT_CONVERSION = YES;
				CLANG_WARN_OBJC_ROOT_CLASS = YES_ERROR;
				CLANG_WARN_SUSPICIOUS_MOVE = YES;
				CLANG_WARN_UNREACHABLE_CODE = YES;
				CLANG_WARN__DUPLICATE_METHOD_MATCH = YES;
				"CODE_SIGN_IDENTITY[sdk=iphoneos*]" = "iPhone Developer";
				COPY_PHASE_STRIP = NO;
				DEBUG_INFORMATION_FORMAT = "dwarf-with-dsym";
				ENABLE_NS_ASSERTIONS = NO;
				ENABLE_STRICT_OBJC_MSGSEND = YES;
				GCC_C_LANGUAGE_STANDARD = gnu99;
				GCC_NO_COMMON_BLOCKS = YES;
				GCC_WARN_64_TO_32_BIT_CONVERSION = YES;
				GCC_WARN_ABOUT_RETURN_TYPE = YES_ERROR;
				GCC_WARN_UNDECLARED_SELECTOR = YES;
				GCC_WARN_UNINITIALIZED_AUTOS = YES_AGGRESSIVE;
				GCC_WARN_UNUSED_FUNCTION = YES;
				GCC_WARN_UNUSED_VARIABLE = YES;
				IPHONEOS_DEPLOYMENT_TARGET = 10.2;
				MTL_ENABLE_DEBUG_INFO = NO;
				SDKROOT = iphoneos;
				VALIDATE_PRODUCT = YES;
			};
			name = Release;
		};
		0EABAFC61E690559004917EB /* Debug */ = {
			isa = XCBuildConfiguration;
			buildSettings = {
				ASSETCATALOG_COMPILER_APPICON_NAME = AppIcon;
				DEVELOPMENT_TEAM = NNLNXN4V35;
				INFOPLIST_FILE = CHGGridViewSample/Info.plist;
				IPHONEOS_DEPLOYMENT_TARGET = 8.0;
				LD_RUNPATH_SEARCH_PATHS = "$(inherited) @executable_path/Frameworks";
				PRODUCT_BUNDLE_IDENTIFIER = com.chg.CHGGridView.CHGGridViewSample;
				PRODUCT_NAME = "$(TARGET_NAME)";
				TARGETED_DEVICE_FAMILY = "1,2";
			};
			name = Debug;
		};
		0EABAFC71E690559004917EB /* Release */ = {
			isa = XCBuildConfiguration;
			buildSettings = {
				ASSETCATALOG_COMPILER_APPICON_NAME = AppIcon;
				DEVELOPMENT_TEAM = NNLNXN4V35;
				INFOPLIST_FILE = CHGGridViewSample/Info.plist;
				IPHONEOS_DEPLOYMENT_TARGET = 8.0;
				LD_RUNPATH_SEARCH_PATHS = "$(inherited) @executable_path/Frameworks";
				PRODUCT_BUNDLE_IDENTIFIER = com.chg.CHGGridView.CHGGridViewSample;
				PRODUCT_NAME = "$(TARGET_NAME)";
				TARGETED_DEVICE_FAMILY = "1,2";
			};
			name = Release;
		};
/* End XCBuildConfiguration section */

/* Begin XCConfigurationList section */
		0EABAFA61E690558004917EB /* Build configuration list for PBXProject "CHGGridViewSample" */ = {
			isa = XCConfigurationList;
			buildConfigurations = (
				0EABAFC31E690559004917EB /* Debug */,
				0EABAFC41E690559004917EB /* Release */,
			);
			defaultConfigurationIsVisible = 0;
			defaultConfigurationName = Release;
		};
		0EABAFC51E690559004917EB /* Build configuration list for PBXNativeTarget "CHGGridViewSample" */ = {
			isa = XCConfigurationList;
			buildConfigurations = (
				0EABAFC61E690559004917EB /* Debug */,
				0EABAFC71E690559004917EB /* Release */,
			);
			defaultConfigurationIsVisible = 0;
			defaultConfigurationName = Release;
		};
/* End XCConfigurationList section */

/* Begin XCVersionGroup section */
		0EABAFBA1E690559004917EB /* CHGGridViewSample.xcdatamodeld */ = {
			isa = XCVersionGroup;
			children = (
				0EABAFBB1E690559004917EB /* CHGGridViewSample.xcdatamodel */,
			);
			currentVersion = 0EABAFBB1E690559004917EB /* CHGGridViewSample.xcdatamodel */;
			path = CHGGridViewSample.xcdatamodeld;
			sourceTree = "<group>";
			versionGroupType = wrapper.xcdatamodel;
		};
/* End XCVersionGroup section */
	};
	rootObject = 0EABAFA31E690558004917EB /* Project object */;
}
